
Microsoft Visual Studio Solution File, Format Version 12.00
# Visual Studio Version 16
VisualStudioVersion = 16.0.30517.126
MinimumVisualStudioVersion = 10.0.40219.1
Project("{FAE04EC0-301F-11D3-BF4B-00C04F79EFBC}") = "APP_DUAL", "APP_DUAL.csproj", "{313A8678-BA4B-4B02-9B69-43A2F807894B}"
EndProject
Project("{FAE04EC0-301F-11D3-BF4B-00C04F79EFBC}") = "Libreria_Clases_DUAL_1", "..\Libreria_Clases_DUAL_1\Libreria_Clases_DUAL_1\Libreria_Clases_DUAL_1.csproj", "{30AAA2DD-DD84-4741-AA88-55986C4B5D66}"
EndProject
Global
	GlobalSection(SolutionConfigurationPlatforms) = preSolution
		Debug|Any CPU = Debug|Any CPU
		Release|Any CPU = Release|Any CPU
	EndGlobalSection
	GlobalSection(ProjectConfigurationPlatforms) = postSolution
		{313A8678-BA4B-4B02-9B69-43A2F807894B}.Debug|Any CPU.ActiveCfg = Debug|Any CPU
		{313A8678-BA4B-4B02-9B69-43A2F807894B}.Debug|Any CPU.Build.0 = Debug|Any CPU
		{313A8678-BA4B-4B02-9B69-43A2F807894B}.Release|Any CPU.ActiveCfg = Release|Any CPU
		{313A8678-BA4B-4B02-9B69-43A2F807894B}.Release|Any CPU.Build.0 = Release|Any CPU
		{30AAA2DD-DD84-4741-AA88-55986C4B5D66}.Debug|Any CPU.ActiveCfg = Debug|Any CPU
		{30AAA2DD-DD84-4741-AA88-55986C4B5D66}.Debug|Any CPU.Build.0 = Debug|Any CPU
		{30AAA2DD-DD84-4741-AA88-55986C4B5D66}.Release|Any CPU.ActiveCfg = Release|Any CPU
		{30AAA2DD-DD84-4741-AA88-55986C4B5D66}.Release|Any CPU.Build.0 = Release|Any CPU
	EndGlobalSection
	GlobalSection(SolutionProperties) = preSolution
		HideSolutionNode = FALSE
	EndGlobalSection
	GlobalSection(ExtensibilityGlobals) = postSolution
		SolutionGuid = {729DCC52-B290-4C7A-909A-F13DD1CAE857}
	EndGlobalSection
EndGlobal
